
Microsoft Visual Studio Solution File, Format Version 12.00
# Visual Studio Version 16
VisualStudioVersion = 16.0.30907.101
MinimumVisualStudioVersion = 10.0.40219.1
Project("{FAE04EC0-301F-11D3-BF4B-00C04F79EFBC}") = "App2", "App2\App2.csproj", "{7FE20475-B4AD-48A6-80C0-D63A3DDF27EA}"
EndProject
Global
	GlobalSection(SolutionConfigurationPlatforms) = preSolution
		Debug|ARM = Debug|ARM
		Debug|ARM64 = Debug|ARM64
		Debug|x64 = Debug|x64
		Debug|x86 = Debug|x86
		Release|ARM = Release|ARM
		Release|ARM64 = Release|ARM64
		Release|x64 = Release|x64
		Release|x86 = Release|x86
	EndGlobalSection
	GlobalSection(ProjectConfigurationPlatforms) = postSolution
		{7FE20475-B4AD-48A6-80C0-D63A3DDF27EA}.Debug|ARM.ActiveCfg = Debug|ARM
		{7FE20475-B4AD-48A6-80C0-D63A3DDF27EA}.Debug|ARM.Build.0 = Debug|ARM
		{7FE20475-B4AD-48A6-80C0-D63A3DDF27EA}.Debug|ARM.Deploy.0 = Debug|ARM
		{7FE20475-B4AD-48A6-80C0-D63A3DDF27EA}.Debug|ARM64.ActiveCfg = Debug|ARM64
		{7FE20475-B4AD-48A6-80C0-D63A3DDF27EA}.Debug|ARM64.Build.0 = Debug|ARM64
		{7FE20475-B4AD-48A6-80C0-D63A3DDF27EA}.Debug|ARM64.Deploy.0 = Debug|ARM64
		{7FE20475-B4AD-48A6-80C0-D63A3DDF27EA}.Debug|x64.ActiveCfg = Debug|x64
		{7FE20475-B4AD-48A6-80C0-D63A3DDF27EA}.Debug|x64.Build.0 = Debug|x64
		{7FE20475-B4AD-48A6-80C0-D63A3DDF27EA}.Debug|x64.Deploy.0 = Debug|x64
		{7FE20475-B4AD-48A6-80C0-D63A3DDF27EA}.Debug|x86.ActiveCfg = Debug|x86
		{7FE20475-B4AD-48A6-80C0-D63A3DDF27EA}.Debug|x86.Build.0 = Debug|x86
		{7FE20475-B4AD-48A6-80C0-D63A3DDF27EA}.Debug|x86.Deploy.0 = Debug|x86
		{7FE20475-B4AD-48A6-80C0-D63A3DDF27EA}.Release|ARM.ActiveCfg = Release|ARM
		{7FE20475-B4AD-48A6-80C0-D63A3DDF27EA}.Release|ARM.Build.0 = Release|ARM
		{7FE20475-B4AD-48A6-80C0-D63A3DDF27EA}.Release|ARM.Deploy.0 = Release|ARM
		{7FE20475-B4AD-48A6-80C0-D63A3DDF27EA}.Release|ARM64.ActiveCfg = Release|ARM64
		{7FE20475-B4AD-48A6-80C0-D63A3DDF27EA}.Release|ARM64.Build.0 = Release|ARM64
		{7FE20475-B4AD-48A6-80C0-D63A3DDF27EA}.Release|ARM64.Deploy.0 = Release|ARM64
		{7FE20475-B4AD-48A6-80C0-D63A3DDF27EA}.Release|x64.ActiveCfg = Release|x64
		{7FE20475-B4AD-48A6-80C0-D63A3DDF27EA}.Release|x64.Build.0 = Release|x64
		{7FE20475-B4AD-48A6-80C0-D63A3DDF27EA}.Release|x64.Deploy.0 = Release|x64
		{7FE20475-B4AD-48A6-80C0-D63A3DDF27EA}.Release|x86.ActiveCfg = Release|x86
		{7FE20475-B4AD-48A6-80C0-D63A3DDF27EA}.Release|x86.Build.0 = Release|x86
		{7FE20475-B4AD-48A6-80C0-D63A3DDF27EA}.Release|x86.Deploy.0 = Release|x86
	EndGlobalSection
	GlobalSection(SolutionProperties) = preSolution
		HideSolutionNode = FALSE
	EndGlobalSection
	GlobalSection(ExtensibilityGlobals) = postSolution
		SolutionGuid = {000A00E8-FBDF-48BE-B914-669AFFC8D046}
	EndGlobalSection
EndGlobal
